
Microsoft Visual Studio Solution File, Format Version 12.00
# Visual Studio 15
VisualStudioVersion = 15.0.28010.2048
MinimumVisualStudioVersion = 10.0.40219.1
Project("{FAE04EC0-301F-11D3-BF4B-00C04F79EFBC}") = "AMQP_PublisherQueue_WorkQueue", "AMQP_PublisherQueue_WorkQueue\AMQP_PublisherQueue_WorkQueue.csproj", "{05DF98FF-E6F6-4BAA-849F-CBF4A6671688}"
EndProject
Global
	GlobalSection(SolutionConfigurationPlatforms) = preSolution
		Debug|Any CPU = Debug|Any CPU
		Release|Any CPU = Release|Any CPU
	EndGlobalSection
	GlobalSection(ProjectConfigurationPlatforms) = postSolution
		{05DF98FF-E6F6-4BAA-849F-CBF4A6671688}.Debug|Any CPU.ActiveCfg = Debug|Any CPU
		{05DF98FF-E6F6-4BAA-849F-CBF4A6671688}.Debug|Any CPU.Build.0 = Debug|Any CPU
		{05DF98FF-E6F6-4BAA-849F-CBF4A6671688}.Release|Any CPU.ActiveCfg = Release|Any CPU
		{05DF98FF-E6F6-4BAA-849F-CBF4A6671688}.Release|Any CPU.Build.0 = Release|Any CPU
	EndGlobalSection
	GlobalSection(SolutionProperties) = preSolution
		HideSolutionNode = FALSE
	EndGlobalSection
	GlobalSection(ExtensibilityGlobals) = postSolution
		SolutionGuid = {8164213C-386B-4BAC-B530-8A79BA2257F6}
	EndGlobalSection
EndGlobal
